
Microsoft Visual Studio Solution File, Format Version 12.00
# Visual Studio Version 17
VisualStudioVersion = 17.1.32228.430
MinimumVisualStudioVersion = 10.0.40219.1
Project("{FAE04EC0-301F-11D3-BF4B-00C04F79EFBC}") = "Integer-İkililerin-Toplamı", "Integer-İkililerin-Toplamı\Integer-İkililerin-Toplamı.csproj", "{45231D7C-102E-490E-885F-FBF3508FB788}"
EndProject
Global
	GlobalSection(SolutionConfigurationPlatforms) = preSolution
		Debug|Any CPU = Debug|Any CPU
		Release|Any CPU = Release|Any CPU
	EndGlobalSection
	GlobalSection(ProjectConfigurationPlatforms) = postSolution
		{45231D7C-102E-490E-885F-FBF3508FB788}.Debug|Any CPU.ActiveCfg = Debug|Any CPU
		{45231D7C-102E-490E-885F-FBF3508FB788}.Debug|Any CPU.Build.0 = Debug|Any CPU
		{45231D7C-102E-490E-885F-FBF3508FB788}.Release|Any CPU.ActiveCfg = Release|Any CPU
		{45231D7C-102E-490E-885F-FBF3508FB788}.Release|Any CPU.Build.0 = Release|Any CPU
	EndGlobalSection
	GlobalSection(SolutionProperties) = preSolution
		HideSolutionNode = FALSE
	EndGlobalSection
	GlobalSection(ExtensibilityGlobals) = postSolution
		SolutionGuid = {FF5EB242-F174-4FFC-B40B-3E4179E01B8A}
	EndGlobalSection
EndGlobal
