
Microsoft Visual Studio Solution File, Format Version 12.00
# Visual Studio Version 17
VisualStudioVersion = 17.1.32228.430
MinimumVisualStudioVersion = 10.0.40219.1
Project("{FAE04EC0-301F-11D3-BF4B-00C04F79EFBC}") = "Daire-Cizdirme", "Daire-Cizdirme\Daire-Cizdirme.csproj", "{D21FFB8E-4CC5-44B9-BCB2-F9BE66C166B1}"
EndProject
Global
	GlobalSection(SolutionConfigurationPlatforms) = preSolution
		Debug|Any CPU = Debug|Any CPU
		Release|Any CPU = Release|Any CPU
	EndGlobalSection
	GlobalSection(ProjectConfigurationPlatforms) = postSolution
		{D21FFB8E-4CC5-44B9-BCB2-F9BE66C166B1}.Debug|Any CPU.ActiveCfg = Debug|Any CPU
		{D21FFB8E-4CC5-44B9-BCB2-F9BE66C166B1}.Debug|Any CPU.Build.0 = Debug|Any CPU
		{D21FFB8E-4CC5-44B9-BCB2-F9BE66C166B1}.Release|Any CPU.ActiveCfg = Release|Any CPU
		{D21FFB8E-4CC5-44B9-BCB2-F9BE66C166B1}.Release|Any CPU.Build.0 = Release|Any CPU
	EndGlobalSection
	GlobalSection(SolutionProperties) = preSolution
		HideSolutionNode = FALSE
	EndGlobalSection
	GlobalSection(ExtensibilityGlobals) = postSolution
		SolutionGuid = {CBA97617-BCBC-4343-BB3C-9939F48D22E1}
	EndGlobalSection
EndGlobal
