
Microsoft Visual Studio Solution File, Format Version 12.00
# Visual Studio Version 17
VisualStudioVersion = 17.1.32228.430
MinimumVisualStudioVersion = 10.0.40219.1
Project("{FAE04EC0-301F-11D3-BF4B-00C04F79EFBC}") = "Barcode-Generator-and-Reader", "Barcode-Generator-and-Reader\Barcode-Generator-and-Reader.csproj", "{643E5272-488F-4AF8-B98F-1F82C67F2BE9}"
EndProject
Global
	GlobalSection(SolutionConfigurationPlatforms) = preSolution
		Debug|Any CPU = Debug|Any CPU
		Release|Any CPU = Release|Any CPU
	EndGlobalSection
	GlobalSection(ProjectConfigurationPlatforms) = postSolution
		{643E5272-488F-4AF8-B98F-1F82C67F2BE9}.Debug|Any CPU.ActiveCfg = Debug|Any CPU
		{643E5272-488F-4AF8-B98F-1F82C67F2BE9}.Debug|Any CPU.Build.0 = Debug|Any CPU
		{643E5272-488F-4AF8-B98F-1F82C67F2BE9}.Release|Any CPU.ActiveCfg = Release|Any CPU
		{643E5272-488F-4AF8-B98F-1F82C67F2BE9}.Release|Any CPU.Build.0 = Release|Any CPU
	EndGlobalSection
	GlobalSection(SolutionProperties) = preSolution
		HideSolutionNode = FALSE
	EndGlobalSection
	GlobalSection(ExtensibilityGlobals) = postSolution
		SolutionGuid = {E359DD16-B852-4B0A-A7D6-234E0D25D599}
	EndGlobalSection
EndGlobal
